// !$*UTF8*$!
{
	archiveVersion = 1;
	classes = {
	};
	objectVersion = 50;
	objects = {

/* Begin PBXBuildFile section */
		3252F0724EDEF7F9F53090B7 /* Pods_LSDialogViewControllerWithXib.framework in Frameworks */ = {isa = PBXBuildFile; fileRef = 698992568ABD2CAFA620BF14 /* Pods_LSDialogViewControllerWithXib.framework */; };
		5C48BB6573188AC569ED5A25 /* Pods_LSDialogViewControllerWithXibUITests.framework in Frameworks */ = {isa = PBXBuildFile; fileRef = 0445D74F4F76794D19A96D40 /* Pods_LSDialogViewControllerWithXibUITests.framework */; };
		677EB5FF830F042051F6D9FC /* Pods_LSDialogViewControllerWithXibTests.framework in Frameworks */ = {isa = PBXBuildFile; fileRef = 40F595498062FA551E98D9DC /* Pods_LSDialogViewControllerWithXibTests.framework */; };
		FC5C301920B120E8000296FB /* AppDelegate.swift in Sources */ = {isa = PBXBuildFile; fileRef = FC5C301820B120E8000296FB /* AppDelegate.swift */; };
		FC5C301B20B120E8000296FB /* FirstViewController.swift in Sources */ = {isa = PBXBuildFile; fileRef = FC5C301A20B120E8000296FB /* FirstViewController.swift */; };
		FC5C301E20B120E8000296FB /* Main.storyboard in Resources */ = {isa = PBXBuildFile; fileRef = FC5C301C20B120E8000296FB /* Main.storyboard */; };
		FC5C302020B120E9000296FB /* Assets.xcassets in Resources */ = {isa = PBXBuildFile; fileRef = FC5C301F20B120E9000296FB /* Assets.xcassets */; };
		FC5C302320B120E9000296FB /* LaunchScreen.storyboard in Resources */ = {isa = PBXBuildFile; fileRef = FC5C302120B120E9000296FB /* LaunchScreen.storyboard */; };
		FC5C302E20B120E9000296FB /* LSDialogViewControllerWithXibTests.swift in Sources */ = {isa = PBXBuildFile; fileRef = FC5C302D20B120E9000296FB /* LSDialogViewControllerWithXibTests.swift */; };
		FC5C303920B120E9000296FB /* LSDialogViewControllerWithXibUITests.swift in Sources */ = {isa = PBXBuildFile; fileRef = FC5C303820B120E9000296FB /* LSDialogViewControllerWithXibUITests.swift */; };
		FC5C304720B120F5000296FB /* SecondViewController.swift in Sources */ = {isa = PBXBuildFile; fileRef = FC5C304620B120F5000296FB /* SecondViewController.swift */; };
		FC5C304920B12115000296FB /* SecondViewController.xib in Resources */ = {isa = PBXBuildFile; fileRef = FC5C304820B12115000296FB /* SecondViewController.xib */; };
		FC5C304B20B12644000296FB /* LSDialogViewControllerIO.swift in Sources */ = {isa = PBXBuildFile; fileRef = FC5C304A20B12644000296FB /* LSDialogViewControllerIO.swift */; };
/* End PBXBuildFile section */

/* Begin PBXContainerItemProxy section */
		FC5C302A20B120E9000296FB /* PBXContainerItemProxy */ = {
			isa = PBXContainerItemProxy;
			containerPortal = FC5C300D20B120E8000296FB /* Project object */;
			proxyType = 1;
			remoteGlobalIDString = FC5C301420B120E8000296FB;
			remoteInfo = LSDialogViewControllerWithXib;
		};
		FC5C303520B120E9000296FB /* PBXContainerItemProxy */ = {
			isa = PBXContainerItemProxy;
			containerPortal = FC5C300D20B120E8000296FB /* Project object */;
			proxyType = 1;
			remoteGlobalIDString = FC5C301420B120E8000296FB;
			remoteInfo = LSDialogViewControllerWithXib;
		};
/* End PBXContainerItemProxy section */

/* Begin PBXFileReference section */
		0063EC530FFEEFC7D96D5A3F /* Pods-LSDialogViewControllerWithXibTests.release.xcconfig */ = {isa = PBXFileReference; includeInIndex = 1; lastKnownFileType = text.xcconfig; name = "Pods-LSDialogViewControllerWithXibTests.release.xcconfig"; path = "Pods/Target Support Files/Pods-LSDialogViewControllerWithXibTests/Pods-LSDialogViewControllerWithXibTests.release.xcconfig"; sourceTree = "<group>"; };
		0445D74F4F76794D19A96D40 /* Pods_LSDialogViewControllerWithXibUITests.framework */ = {isa = PBXFileReference; explicitFileType = wrapper.framework; includeInIndex = 0; path = Pods_LSDialogViewControllerWithXibUITests.framework; sourceTree = BUILT_PRODUCTS_DIR; };
		35BBFD8598F2D1D12222093F /* Pods-LSDialogViewControllerWithXib.debug.xcconfig */ = {isa = PBXFileReference; includeInIndex = 1; lastKnownFileType = text.xcconfig; name = "Pods-LSDialogViewControllerWithXib.debug.xcconfig"; path = "Pods/Target Support Files/Pods-LSDialogViewControllerWithXib/Pods-LSDialogViewControllerWithXib.debug.xcconfig"; sourceTree = "<group>"; };
		40F595498062FA551E98D9DC /* Pods_LSDialogViewControllerWithXibTests.framework */ = {isa = PBXFileReference; explicitFileType = wrapper.framework; includeInIndex = 0; path = Pods_LSDialogViewControllerWithXibTests.framework; sourceTree = BUILT_PRODUCTS_DIR; };
		5331B7C45499944588F68E27 /* Pods-LSDialogViewControllerWithXibUITests.debug.xcconfig */ = {isa = PBXFileReference; includeInIndex = 1; lastKnownFileType = text.xcconfig; name = "Pods-LSDialogViewControllerWithXibUITests.debug.xcconfig"; path = "Pods/Target Support Files/Pods-LSDialogViewControllerWithXibUITests/Pods-LSDialogViewControllerWithXibUITests.debug.xcconfig"; sourceTree = "<group>"; };
		698992568ABD2CAFA620BF14 /* Pods_LSDialogViewControllerWithXib.framework */ = {isa = PBXFileReference; explicitFileType = wrapper.framework; includeInIndex = 0; path = Pods_LSDialogViewControllerWithXib.framework; sourceTree = BUILT_PRODUCTS_DIR; };
		6AA8C086D31D53F9DF8BBB12 /* Pods-LSDialogViewControllerWithXibTests.debug.xcconfig */ = {isa = PBXFileReference; includeInIndex = 1; lastKnownFileType = text.xcconfig; name = "Pods-LSDialogViewControllerWithXibTests.debug.xcconfig"; path = "Pods/Target Support Files/Pods-LSDialogViewControllerWithXibTests/Pods-LSDialogViewControllerWithXibTests.debug.xcconfig"; sourceTree = "<group>"; };
		F324F0C3CA11F429E20E8631 /* Pods-LSDialogViewControllerWithXibUITests.release.xcconfig */ = {isa = PBXFileReference; includeInIndex = 1; lastKnownFileType = text.xcconfig; name = "Pods-LSDialogViewControllerWithXibUITests.release.xcconfig"; path = "Pods/Target Support Files/Pods-LSDialogViewControllerWithXibUITests/Pods-LSDialogViewControllerWithXibUITests.release.xcconfig"; sourceTree = "<group>"; };
		FB1EFB35CC822B025A933909 /* Pods-LSDialogViewControllerWithXib.release.xcconfig */ = {isa = PBXFileReference; includeInIndex = 1; lastKnownFileType = text.xcconfig; name = "Pods-LSDialogViewControllerWithXib.release.xcconfig"; path = "Pods/Target Support Files/Pods-LSDialogViewControllerWithXib/Pods-LSDialogViewControllerWithXib.release.xcconfig"; sourceTree = "<group>"; };
		FC5C301520B120E8000296FB /* LSDialogViewControllerWithXib.app */ = {isa = PBXFileReference; explicitFileType = wrapper.application; includeInIndex = 0; path = LSDialogViewControllerWithXib.app; sourceTree = BUILT_PRODUCTS_DIR; };
		FC5C301820B120E8000296FB /* AppDelegate.swift */ = {isa = PBXFileReference; lastKnownFileType = sourcecode.swift; path = AppDelegate.swift; sourceTree = "<group>"; };
		FC5C301A20B120E8000296FB /* FirstViewController.swift */ = {isa = PBXFileReference; lastKnownFileType = sourcecode.swift; path = FirstViewController.swift; sourceTree = "<group>"; };
		FC5C301D20B120E8000296FB /* Base */ = {isa = PBXFileReference; lastKnownFileType = file.storyboard; name = Base; path = Base.lproj/Main.storyboard; sourceTree = "<group>"; };
		FC5C301F20B120E9000296FB /* Assets.xcassets */ = {isa = PBXFileReference; lastKnownFileType = folder.assetcatalog; path = Assets.xcassets; sourceTree = "<group>"; };
		FC5C302220B120E9000296FB /* Base */ = {isa = PBXFileReference; lastKnownFileType = file.storyboard; name = Base; path = Base.lproj/LaunchScreen.storyboard; sourceTree = "<group>"; };
		FC5C302420B120E9000296FB /* Info.plist */ = {isa = PBXFileReference; lastKnownFileType = text.plist.xml; path = Info.plist; sourceTree = "<group>"; };
		FC5C302920B120E9000296FB /* LSDialogViewControllerWithXibTests.xctest */ = {isa = PBXFileReference; explicitFileType = wrapper.cfbundle; includeInIndex = 0; path = LSDialogViewControllerWithXibTests.xctest; sourceTree = BUILT_PRODUCTS_DIR; };
		FC5C302D20B120E9000296FB /* LSDialogViewControllerWithXibTests.swift */ = {isa = PBXFileReference; lastKnownFileType = sourcecode.swift; path = LSDialogViewControllerWithXibTests.swift; sourceTree = "<group>"; };
		FC5C302F20B120E9000296FB /* Info.plist */ = {isa = PBXFileReference; lastKnownFileType = text.plist.xml; path = Info.plist; sourceTree = "<group>"; };
		FC5C303420B120E9000296FB /* LSDialogViewControllerWithXibUITests.xctest */ = {isa = PBXFileReference; explicitFileType = wrapper.cfbundle; includeInIndex = 0; path = LSDialogViewControllerWithXibUITests.xctest; sourceTree = BUILT_PRODUCTS_DIR; };
		FC5C303820B120E9000296FB /* LSDialogViewControllerWithXibUITests.swift */ = {isa = PBXFileReference; lastKnownFileType = sourcecode.swift; path = LSDialogViewControllerWithXibUITests.swift; sourceTree = "<group>"; };
		FC5C303A20B120E9000296FB /* Info.plist */ = {isa = PBXFileReference; lastKnownFileType = text.plist.xml; path = Info.plist; sourceTree = "<group>"; };
		FC5C304620B120F5000296FB /* SecondViewController.swift */ = {isa = PBXFileReference; lastKnownFileType = sourcecode.swift; path = SecondViewController.swift; sourceTree = "<group>"; };
		FC5C304820B12115000296FB /* SecondViewController.xib */ = {isa = PBXFileReference; lastKnownFileType = file.xib; path = SecondViewController.xib; sourceTree = "<group>"; };
		FC5C304A20B12644000296FB /* LSDialogViewControllerIO.swift */ = {isa = PBXFileReference; lastKnownFileType = sourcecode.swift; path = LSDialogViewControllerIO.swift; sourceTree = "<group>"; };
/* End PBXFileReference section */

/* Begin PBXFrameworksBuildPhase section */
		FC5C301220B120E8000296FB /* Frameworks */ = {
			isa = PBXFrameworksBuildPhase;
			buildActionMask = 2147483647;
			files = (
				3252F0724EDEF7F9F53090B7 /* Pods_LSDialogViewControllerWithXib.framework in Frameworks */,
			);
			runOnlyForDeploymentPostprocessing = 0;
		};
		FC5C302620B120E9000296FB /* Frameworks */ = {
			isa = PBXFrameworksBuildPhase;
			buildActionMask = 2147483647;
			files = (
				677EB5FF830F042051F6D9FC /* Pods_LSDialogViewControllerWithXibTests.framework in Frameworks */,
			);
			runOnlyForDeploymentPostprocessing = 0;
		};
		FC5C303120B120E9000296FB /* Frameworks */ = {
			isa = PBXFrameworksBuildPhase;
			buildActionMask = 2147483647;
			files = (
				5C48BB6573188AC569ED5A25 /* Pods_LSDialogViewControllerWithXibUITests.framework in Frameworks */,
			);
			runOnlyForDeploymentPostprocessing = 0;
		};
/* End PBXFrameworksBuildPhase section */

/* Begin PBXGroup section */
		04D1ABA7330F7F0A9AAAD98D /* Frameworks */ = {
			isa = PBXGroup;
			children = (
				698992568ABD2CAFA620BF14 /* Pods_LSDialogViewControllerWithXib.framework */,
				40F595498062FA551E98D9DC /* Pods_LSDialogViewControllerWithXibTests.framework */,
				0445D74F4F76794D19A96D40 /* Pods_LSDialogViewControllerWithXibUITests.framework */,
			);
			name = Frameworks;
			sourceTree = "<group>";
		};
		72D710EC97411375A51CA4B2 /* Pods */ = {
			isa = PBXGroup;
			children = (
				35BBFD8598F2D1D12222093F /* Pods-LSDialogViewControllerWithXib.debug.xcconfig */,
				FB1EFB35CC822B025A933909 /* Pods-LSDialogViewControllerWithXib.release.xcconfig */,
				6AA8C086D31D53F9DF8BBB12 /* Pods-LSDialogViewControllerWithXibTests.debug.xcconfig */,
				0063EC530FFEEFC7D96D5A3F /* Pods-LSDialogViewControllerWithXibTests.release.xcconfig */,
				5331B7C45499944588F68E27 /* Pods-LSDialogViewControllerWithXibUITests.debug.xcconfig */,
				F324F0C3CA11F429E20E8631 /* Pods-LSDialogViewControllerWithXibUITests.release.xcconfig */,
			);
			name = Pods;
			sourceTree = "<group>";
		};
		FC5C300C20B120E8000296FB = {
			isa = PBXGroup;
			children = (
				FC5C301720B120E8000296FB /* LSDialogViewControllerWithXib */,
				FC5C302C20B120E9000296FB /* LSDialogViewControllerWithXibTests */,
				FC5C303720B120E9000296FB /* LSDialogViewControllerWithXibUITests */,
				FC5C301620B120E8000296FB /* Products */,
				72D710EC97411375A51CA4B2 /* Pods */,
				04D1ABA7330F7F0A9AAAD98D /* Frameworks */,
			);
			sourceTree = "<group>";
		};
		FC5C301620B120E8000296FB /* Products */ = {
			isa = PBXGroup;
			children = (
				FC5C301520B120E8000296FB /* LSDialogViewControllerWithXib.app */,
				FC5C302920B120E9000296FB /* LSDialogViewControllerWithXibTests.xctest */,
				FC5C303420B120E9000296FB /* LSDialogViewControllerWithXibUITests.xctest */,
			);
			name = Products;
			sourceTree = "<group>";
		};
		FC5C301720B120E8000296FB /* LSDialogViewControllerWithXib */ = {
			isa = PBXGroup;
			children = (
				FC5C301820B120E8000296FB /* AppDelegate.swift */,
				FC5C304820B12115000296FB /* SecondViewController.xib */,
				FC5C301A20B120E8000296FB /* FirstViewController.swift */,
				FC5C304620B120F5000296FB /* SecondViewController.swift */,
				FC5C304A20B12644000296FB /* LSDialogViewControllerIO.swift */,
				FC5C301C20B120E8000296FB /* Main.storyboard */,
				FC5C301F20B120E9000296FB /* Assets.xcassets */,
				FC5C302120B120E9000296FB /* LaunchScreen.storyboard */,
				FC5C302420B120E9000296FB /* Info.plist */,
			);
			path = LSDialogViewControllerWithXib;
			sourceTree = "<group>";
		};
		FC5C302C20B120E9000296FB /* LSDialogViewControllerWithXibTests */ = {
			isa = PBXGroup;
			children = (
				FC5C302D20B120E9000296FB /* LSDialogViewControllerWithXibTests.swift */,
				FC5C302F20B120E9000296FB /* Info.plist */,
			);
			path = LSDialogViewControllerWithXibTests;
			sourceTree = "<group>";
		};
		FC5C303720B120E9000296FB /* LSDialogViewControllerWithXibUITests */ = {
			isa = PBXGroup;
			children = (
				FC5C303820B120E9000296FB /* LSDialogViewControllerWithXibUITests.swift */,
				FC5C303A20B120E9000296FB /* Info.plist */,
			);
			path = LSDialogViewControllerWithXibUITests;
			sourceTree = "<group>";
		};
/* End PBXGroup section */

/* Begin PBXNativeTarget section */
		FC5C301420B120E8000296FB /* LSDialogViewControllerWithXib */ = {
			isa = PBXNativeTarget;
			buildConfigurationList = FC5C303D20B120E9000296FB /* Build configuration list for PBXNativeTarget "LSDialogViewControllerWithXib" */;
			buildPhases = (
				A9F74D7156291FD8833A1FC0 /* [CP] Check Pods Manifest.lock */,
				FC5C301120B120E8000296FB /* Sources */,
				FC5C301220B120E8000296FB /* Frameworks */,
				FC5C301320B120E8000296FB /* Resources */,
				9CDDED25BD381A09E253DF56 /* [CP] Embed Pods Frameworks */,
			);
			buildRules = (
			);
			dependencies = (
			);
			name = LSDialogViewControllerWithXib;
			productName = LSDialogViewControllerWithXib;
			productReference = FC5C301520B120E8000296FB /* LSDialogViewControllerWithXib.app */;
			productType = "com.apple.product-type.application";
		};
		FC5C302820B120E9000296FB /* LSDialogViewControllerWithXibTests */ = {
			isa = PBXNativeTarget;
			buildConfigurationList = FC5C304020B120E9000296FB /* Build configuration list for PBXNativeTarget "LSDialogViewControllerWithXibTests" */;
			buildPhases = (
				24E74E0552AB674EA521C6C3 /* [CP] Check Pods Manifest.lock */,
				FC5C302520B120E9000296FB /* Sources */,
				FC5C302620B120E9000296FB /* Frameworks */,
				FC5C302720B120E9000296FB /* Resources */,
			);
			buildRules = (
			);
			dependencies = (
				FC5C302B20B120E9000296FB /* PBXTargetDependency */,
			);
			name = LSDialogViewControllerWithXibTests;
			productName = LSDialogViewControllerWithXibTests;
			productReference = FC5C302920B120E9000296FB /* LSDialogViewControllerWithXibTests.xctest */;
			productType = "com.apple.product-type.bundle.unit-test";
		};
		FC5C303320B120E9000296FB /* LSDialogViewControllerWithXibUITests */ = {
			isa = PBXNativeTarget;
			buildConfigurationList = FC5C304320B120E9000296FB /* Build configuration list for PBXNativeTarget "LSDialogViewControllerWithXibUITests" */;
			buildPhases = (
				A1090A28BD42D7733840CB38 /* [CP] Check Pods Manifest.lock */,
				FC5C303020B120E9000296FB /* Sources */,
				FC5C303120B120E9000296FB /* Frameworks */,
				FC5C303220B120E9000296FB /* Resources */,
			);
			buildRules = (
			);
			dependencies = (
				FC5C303620B120E9000296FB /* PBXTargetDependency */,
			);
			name = LSDialogViewControllerWithXibUITests;
			productName = LSDialogViewControllerWithXibUITests;
			productReference = FC5C303420B120E9000296FB /* LSDialogViewControllerWithXibUITests.xctest */;
			productType = "com.apple.product-type.bundle.ui-testing";
		};
/* End PBXNativeTarget section */

/* Begin PBXProject section */
		FC5C300D20B120E8000296FB /* Project object */ = {
			isa = PBXProject;
			attributes = {
				LastSwiftUpdateCheck = 0930;
				LastUpgradeCheck = 0930;
				ORGANIZATIONNAME = daihase;
				TargetAttributes = {
					FC5C301420B120E8000296FB = {
						CreatedOnToolsVersion = 9.3.1;
					};
					FC5C302820B120E9000296FB = {
						CreatedOnToolsVersion = 9.3.1;
						TestTargetID = FC5C301420B120E8000296FB;
					};
					FC5C303320B120E9000296FB = {
						CreatedOnToolsVersion = 9.3.1;
						TestTargetID = FC5C301420B120E8000296FB;
					};
				};
			};
			buildConfigurationList = FC5C301020B120E8000296FB /* Build configuration list for PBXProject "LSDialogViewControllerWithXib" */;
			compatibilityVersion = "Xcode 9.3";
			developmentRegion = en;
			hasScannedForEncodings = 0;
			knownRegions = (
				en,
				Base,
			);
			mainGroup = FC5C300C20B120E8000296FB;
			productRefGroup = FC5C301620B120E8000296FB /* Products */;
			projectDirPath = "";
			projectRoot = "";
			targets = (
				FC5C301420B120E8000296FB /* LSDialogViewControllerWithXib */,
				FC5C302820B120E9000296FB /* LSDialogViewControllerWithXibTests */,
				FC5C303320B120E9000296FB /* LSDialogViewControllerWithXibUITests */,
			);
		};
/* End PBXProject section */

/* Begin PBXResourcesBuildPhase section */
		FC5C301320B120E8000296FB /* Resources */ = {
			isa = PBXResourcesBuildPhase;
			buildActionMask = 2147483647;
			files = (
				FC5C304920B12115000296FB /* SecondViewController.xib in Resources */,
				FC5C302320B120E9000296FB /* LaunchScreen.storyboard in Resources */,
				FC5C302020B120E9000296FB /* Assets.xcassets in Resources */,
				FC5C301E20B120E8000296FB /* Main.storyboard in Resources */,
			);
			runOnlyForDeploymentPostprocessing = 0;
		};
		FC5C302720B120E9000296FB /* Resources */ = {
			isa = PBXResourcesBuildPhase;
			buildActionMask = 2147483647;
			files = (
			);
			runOnlyForDeploymentPostprocessing = 0;
		};
		FC5C303220B120E9000296FB /* Resources */ = {
			isa = PBXResourcesBuildPhase;
			buildActionMask = 2147483647;
			files = (
			);
			runOnlyForDeploymentPostprocessing = 0;
		};
/* End PBXResourcesBuildPhase section */

/* Begin PBXShellScriptBuildPhase section */
		24E74E0552AB674EA521C6C3 /* [CP] Check Pods Manifest.lock */ = {
			isa = PBXShellScriptBuildPhase;
			buildActionMask = 2147483647;
			files = (
			);
			inputPaths = (
				"${PODS_PODFILE_DIR_PATH}/Podfile.lock",
				"${PODS_ROOT}/Manifest.lock",
			);
			name = "[CP] Check Pods Manifest.lock";
			outputPaths = (
				"$(DERIVED_FILE_DIR)/Pods-LSDialogViewControllerWithXibTests-checkManifestLockResult.txt",
			);
			runOnlyForDeploymentPostprocessing = 0;
			shellPath = /bin/sh;
			shellScript = "diff \"${PODS_PODFILE_DIR_PATH}/Podfile.lock\" \"${PODS_ROOT}/Manifest.lock\" > /dev/null\nif [ $? != 0 ] ; then\n    # print error to STDERR\n    echo \"error: The sandbox is not in sync with the Podfile.lock. Run 'pod install' or update your CocoaPods installation.\" >&2\n    exit 1\nfi\n# This output is used by Xcode 'outputs' to avoid re-running this script phase.\necho \"SUCCESS\" > \"${SCRIPT_OUTPUT_FILE_0}\"\n";
			showEnvVarsInLog = 0;
		};
		9CDDED25BD381A09E253DF56 /* [CP] Embed Pods Frameworks */ = {
			isa = PBXShellScriptBuildPhase;
			buildActionMask = 2147483647;
			files = (
			);
			inputPaths = (
				"${SRCROOT}/Pods/Target Support Files/Pods-LSDialogViewControllerWithXib/Pods-LSDialogViewControllerWithXib-frameworks.sh",
				"${BUILT_PRODUCTS_DIR}/LSDialogViewController/LSDialogViewController.framework",
			);
			name = "[CP] Embed Pods Frameworks";
			outputPaths = (
				"${TARGET_BUILD_DIR}/${FRAMEWORKS_FOLDER_PATH}/LSDialogViewController.framework",
			);
			runOnlyForDeploymentPostprocessing = 0;
			shellPath = /bin/sh;
			shellScript = "\"${SRCROOT}/Pods/Target Support Files/Pods-LSDialogViewControllerWithXib/Pods-LSDialogViewControllerWithXib-frameworks.sh\"\n";
			showEnvVarsInLog = 0;
		};
		A1090A28BD42D7733840CB38 /* [CP] Check Pods Manifest.lock */ = {
			isa = PBXShellScriptBuildPhase;
			buildActionMask = 2147483647;
			files = (
			);
			inputPaths = (
				"${PODS_PODFILE_DIR_PATH}/Podfile.lock",
				"${PODS_ROOT}/Manifest.lock",
			);
			name = "[CP] Check Pods Manifest.lock";
			outputPaths = (
				"$(DERIVED_FILE_DIR)/Pods-LSDialogViewControllerWithXibUITests-checkManifestLockResult.txt",
			);
			runOnlyForDeploymentPostprocessing = 0;
			shellPath = /bin/sh;
			shellScript = "diff \"${PODS_PODFILE_DIR_PATH}/Podfile.lock\" \"${PODS_ROOT}/Manifest.lock\" > /dev/null\nif [ $? != 0 ] ; then\n    # print error to STDERR\n    echo \"error: The sandbox is not in sync with the Podfile.lock. Run 'pod install' or update your CocoaPods installation.\" >&2\n    exit 1\nfi\n# This output is used by Xcode 'outputs' to avoid re-running this script phase.\necho \"SUCCESS\" > \"${SCRIPT_OUTPUT_FILE_0}\"\n";
			showEnvVarsInLog = 0;
		};
		A9F74D7156291FD8833A1FC0 /* [CP] Check Pods Manifest.lock */ = {
			isa = PBXShellScriptBuildPhase;
			buildActionMask = 2147483647;
			files = (
			);
			inputPaths = (
				"${PODS_PODFILE_DIR_PATH}/Podfile.lock",
				"${PODS_ROOT}/Manifest.lock",
			);
			name = "[CP] Check Pods Manifest.lock";
			outputPaths = (
				"$(DERIVED_FILE_DIR)/Pods-LSDialogViewControllerWithXib-checkManifestLockResult.txt",
			);
			runOnlyForDeploymentPostprocessing = 0;
			shellPath = /bin/sh;
			shellScript = "diff \"${PODS_PODFILE_DIR_PATH}/Podfile.lock\" \"${PODS_ROOT}/Manifest.lock\" > /dev/null\nif [ $? != 0 ] ; then\n    # print error to STDERR\n    echo \"error: The sandbox is not in sync with the Podfile.lock. Run 'pod install' or update your CocoaPods installation.\" >&2\n    exit 1\nfi\n# This output is used by Xcode 'outputs' to avoid re-running this script phase.\necho \"SUCCESS\" > \"${SCRIPT_OUTPUT_FILE_0}\"\n";
			showEnvVarsInLog = 0;
		};
/* End PBXShellScriptBuildPhase section */

/* Begin PBXSourcesBuildPhase section */
		FC5C301120B120E8000296FB /* Sources */ = {
			isa = PBXSourcesBuildPhase;
			buildActionMask = 2147483647;
			files = (
				FC5C304720B120F5000296FB /* SecondViewController.swift in Sources */,
				FC5C301B20B120E8000296FB /* FirstViewController.swift in Sources */,
				FC5C301920B120E8000296FB /* AppDelegate.swift in Sources */,
				FC5C304B20B12644000296FB /* LSDialogViewControllerIO.swift in Sources */,
			);
			runOnlyForDeploymentPostprocessing = 0;
		};
		FC5C302520B120E9000296FB /* Sources */ = {
			isa = PBXSourcesBuildPhase;
			buildActionMask = 2147483647;
			files = (
				FC5C302E20B120E9000296FB /* LSDialogViewControllerWithXibTests.swift in Sources */,
			);
			runOnlyForDeploymentPostprocessing = 0;
		};
		FC5C303020B120E9000296FB /* Sources */ = {
			isa = PBXSourcesBuildPhase;
			buildActionMask = 2147483647;
			files = (
				FC5C303920B120E9000296FB /* LSDialogViewControllerWithXibUITests.swift in Sources */,
			);
			runOnlyForDeploymentPostprocessing = 0;
		};
/* End PBXSourcesBuildPhase section */

/* Begin PBXTargetDependency section */
		FC5C302B20B120E9000296FB /* PBXTargetDependency */ = {
			isa = PBXTargetDependency;
			target = FC5C301420B120E8000296FB /* LSDialogViewControllerWithXib */;
			targetProxy = FC5C302A20B120E9000296FB /* PBXContainerItemProxy */;
		};
		FC5C303620B120E9000296FB /* PBXTargetDependency */ = {
			isa = PBXTargetDependency;
			target = FC5C301420B120E8000296FB /* LSDialogViewControllerWithXib */;
			targetProxy = FC5C303520B120E9000296FB /* PBXContainerItemProxy */;
		};
/* End PBXTargetDependency section */

/* Begin PBXVariantGroup section */
		FC5C301C20B120E8000296FB /* Main.storyboard */ = {
			isa = PBXVariantGroup;
			children = (
				FC5C301D20B120E8000296FB /* Base */,
			);
			name = Main.storyboard;
			sourceTree = "<group>";
		};
		FC5C302120B120E9000296FB /* LaunchScreen.storyboard */ = {
			isa = PBXVariantGroup;
			children = (
				FC5C302220B120E9000296FB /* Base */,
			);
			name = LaunchScreen.storyboard;
			sourceTree = "<group>";
		};
/* End PBXVariantGroup section */

/* Begin XCBuildConfiguration section */
		FC5C303B20B120E9000296FB /* Debug */ = {
			isa = XCBuildConfiguration;
			buildSettings = {
				ALWAYS_SEARCH_USER_PATHS = NO;
				CLANG_ANALYZER_NONNULL = YES;
				CLANG_ANALYZER_NUMBER_OBJECT_CONVERSION = YES_AGGRESSIVE;
				CLANG_CXX_LANGUAGE_STANDARD = "gnu++14";
				CLANG_CXX_LIBRARY = "libc++";
				CLANG_ENABLE_MODULES = YES;
				CLANG_ENABLE_OBJC_ARC = YES;
				CLANG_ENABLE_OBJC_WEAK = YES;
				CLANG_WARN_BLOCK_CAPTURE_AUTORELEASING = YES;
				CLANG_WARN_BOOL_CONVERSION = YES;
				CLANG_WARN_COMMA = YES;
				CLANG_WARN_CONSTANT_CONVERSION = YES;
				CLANG_WARN_DEPRECATED_OBJC_IMPLEMENTATIONS = YES;
				CLANG_WARN_DIRECT_OBJC_ISA_USAGE = YES_ERROR;
				CLANG_WARN_DOCUMENTATION_COMMENTS = YES;
				CLANG_WARN_EMPTY_BODY = YES;
				CLANG_WARN_ENUM_CONVERSION = YES;
				CLANG_WARN_INFINITE_RECURSION = YES;
				CLANG_WARN_INT_CONVERSION = YES;
				CLANG_WARN_NON_LITERAL_NULL_CONVERSION = YES;
				CLANG_WARN_OBJC_IMPLICIT_RETAIN_SELF = YES;
				CLANG_WARN_OBJC_LITERAL_CONVERSION = YES;
				CLANG_WARN_OBJC_ROOT_CLASS = YES_ERROR;
				CLANG_WARN_RANGE_LOOP_ANALYSIS = YES;
				CLANG_WARN_STRICT_PROTOTYPES = YES;
				CLANG_WARN_SUSPICIOUS_MOVE = YES;
				CLANG_WARN_UNGUARDED_AVAILABILITY = YES_AGGRESSIVE;
				CLANG_WARN_UNREACHABLE_CODE = YES;
				CLANG_WARN__DUPLICATE_METHOD_MATCH = YES;
				CODE_SIGN_IDENTITY = "iPhone Developer";
				COPY_PHASE_STRIP = NO;
				DEBUG_INFORMATION_FORMAT = dwarf;
				ENABLE_STRICT_OBJC_MSGSEND = YES;
				ENABLE_TESTABILITY = YES;
				GCC_C_LANGUAGE_STANDARD = gnu11;
				GCC_DYNAMIC_NO_PIC = NO;
				GCC_NO_COMMON_BLOCKS = YES;
				GCC_OPTIMIZATION_LEVEL = 0;
				GCC_PREPROCESSOR_DEFINITIONS = (
					"DEBUG=1",
					"$(inherited)",
				);
				GCC_WARN_64_TO_32_BIT_CONVERSION = YES;
				GCC_WARN_ABOUT_RETURN_TYPE = YES_ERROR;
				GCC_WARN_UNDECLARED_SELECTOR = YES;
				GCC_WARN_UNINITIALIZED_AUTOS = YES_AGGRESSIVE;
				GCC_WARN_UNUSED_FUNCTION = YES;
				GCC_WARN_UNUSED_VARIABLE = YES;
				IPHONEOS_DEPLOYMENT_TARGET = 11.3;
				MTL_ENABLE_DEBUG_INFO = YES;
				ONLY_ACTIVE_ARCH = YES;
				SDKROOT = iphoneos;
				SWIFT_ACTIVE_COMPILATION_CONDITIONS = DEBUG;
				SWIFT_OPTIMIZATION_LEVEL = "-Onone";
			};
			name = Debug;
		};
		FC5C303C20B120E9000296FB /* Release */ = {
			isa = XCBuildConfiguration;
			buildSettings = {
				ALWAYS_SEARCH_USER_PATHS = NO;
				CLANG_ANALYZER_NONNULL = YES;
				CLANG_ANALYZER_NUMBER_OBJECT_CONVERSION = YES_AGGRESSIVE;
				CLANG_CXX_LANGUAGE_STANDARD = "gnu++14";
				CLANG_CXX_LIBRARY = "libc++";
				CLANG_ENABLE_MODULES = YES;
				CLANG_ENABLE_OBJC_ARC = YES;
				CLANG_ENABLE_OBJC_WEAK = YES;
				CLANG_WARN_BLOCK_CAPTURE_AUTORELEASING = YES;
				CLANG_WARN_BOOL_CONVERSION = YES;
				CLANG_WARN_COMMA = YES;
				CLANG_WARN_CONSTANT_CONVERSION = YES;
				CLANG_WARN_DEPRECATED_OBJC_IMPLEMENTATIONS = YES;
				CLANG_WARN_DIRECT_OBJC_ISA_USAGE = YES_ERROR;
				CLANG_WARN_DOCUMENTATION_COMMENTS = YES;
				CLANG_WARN_EMPTY_BODY = YES;
				CLANG_WARN_ENUM_CONVERSION = YES;
				CLANG_WARN_INFINITE_RECURSION = YES;
				CLANG_WARN_INT_CONVERSION = YES;
				CLANG_WARN_NON_LITERAL_NULL_CONVERSION = YES;
				CLANG_WARN_OBJC_IMPLICIT_RETAIN_SELF = YES;
				CLANG_WARN_OBJC_LITERAL_CONVERSION = YES;
				CLANG_WARN_OBJC_ROOT_CLASS = YES_ERROR;
				CLANG_WARN_RANGE_LOOP_ANALYSIS = YES;
				CLANG_WARN_STRICT_PROTOTYPES = YES;
				CLANG_WARN_SUSPICIOUS_MOVE = YES;
				CLANG_WARN_UNGUARDED_AVAILABILITY = YES_AGGRESSIVE;
				CLANG_WARN_UNREACHABLE_CODE = YES;
				CLANG_WARN__DUPLICATE_METHOD_MATCH = YES;
				CODE_SIGN_IDENTITY = "iPhone Developer";
				COPY_PHASE_STRIP = NO;
				DEBUG_INFORMATION_FORMAT = "dwarf-with-dsym";
				ENABLE_NS_ASSERTIONS = NO;
				ENABLE_STRICT_OBJC_MSGSEND = YES;
				GCC_C_LANGUAGE_STANDARD = gnu11;
				GCC_NO_COMMON_BLOCKS = YES;
				GCC_WARN_64_TO_32_BIT_CONVERSION = YES;
				GCC_WARN_ABOUT_RETURN_TYPE = YES_ERROR;
				GCC_WARN_UNDECLARED_SELECTOR = YES;
				GCC_WARN_UNINITIALIZED_AUTOS = YES_AGGRESSIVE;
				GCC_WARN_UNUSED_FUNCTION = YES;
				GCC_WARN_UNUSED_VARIABLE = YES;
				IPHONEOS_DEPLOYMENT_TARGET = 11.3;
				MTL_ENABLE_DEBUG_INFO = NO;
				SDKROOT = iphoneos;
				SWIFT_COMPILATION_MODE = wholemodule;
				SWIFT_OPTIMIZATION_LEVEL = "-O";
				VALIDATE_PRODUCT = YES;
			};
			name = Release;
		};
		FC5C303E20B120E9000296FB /* Debug */ = {
			isa = XCBuildConfiguration;
			baseConfigurationReference = 35BBFD8598F2D1D12222093F /* Pods-LSDialogViewControllerWithXib.debug.xcconfig */;
			buildSettings = {
				ASSETCATALOG_COMPILER_APPICON_NAME = AppIcon;
				CODE_SIGN_STYLE = Automatic;
				INFOPLIST_FILE = LSDialogViewControllerWithXib/Info.plist;
				LD_RUNPATH_SEARCH_PATHS = (
					"$(inherited)",
					"@executable_path/Frameworks",
				);
				PRODUCT_BUNDLE_IDENTIFIER = "LibraStudio--Inc..LSDialogViewControllerWithXib";
				PRODUCT_NAME = "$(TARGET_NAME)";
				SWIFT_VERSION = 4.0;
				TARGETED_DEVICE_FAMILY = "1,2";
			};
			name = Debug;
		};
		FC5C303F20B120E9000296FB /* Release */ = {
			isa = XCBuildConfiguration;
			baseConfigurationReference = FB1EFB35CC822B025A933909 /* Pods-LSDialogViewControllerWithXib.release.xcconfig */;
			buildSettings = {
				ASSETCATALOG_COMPILER_APPICON_NAME = AppIcon;
				CODE_SIGN_STYLE = Automatic;
				INFOPLIST_FILE = LSDialogViewControllerWithXib/Info.plist;
				LD_RUNPATH_SEARCH_PATHS = (
					"$(inherited)",
					"@executable_path/Frameworks",
				);
				PRODUCT_BUNDLE_IDENTIFIER = "LibraStudio--Inc..LSDialogViewControllerWithXib";
				PRODUCT_NAME = "$(TARGET_NAME)";
				SWIFT_VERSION = 4.0;
				TARGETED_DEVICE_FAMILY = "1,2";
			};
			name = Release;
		};
		FC5C304120B120E9000296FB /* Debug */ = {
			isa = XCBuildConfiguration;
			baseConfigurationReference = 6AA8C086D31D53F9DF8BBB12 /* Pods-LSDialogViewControllerWithXibTests.debug.xcconfig */;
			buildSettings = {
				ALWAYS_EMBED_SWIFT_STANDARD_LIBRARIES = YES;
				BUNDLE_LOADER = "$(TEST_HOST)";
				CODE_SIGN_STYLE = Automatic;
				INFOPLIST_FILE = LSDialogViewControllerWithXibTests/Info.plist;
				LD_RUNPATH_SEARCH_PATHS = (
					"$(inherited)",
					"@executable_path/Frameworks",
					"@loader_path/Frameworks",
				);
				PRODUCT_BUNDLE_IDENTIFIER = "LibraStudio--Inc..LSDialogViewControllerWithXibTests";
				PRODUCT_NAME = "$(TARGET_NAME)";
				SWIFT_VERSION = 4.0;
				TARGETED_DEVICE_FAMILY = "1,2";
				TEST_HOST = "$(BUILT_PRODUCTS_DIR)/LSDialogViewControllerWithXib.app/LSDialogViewControllerWithXib";
			};
			name = Debug;
		};
		FC5C304220B120E9000296FB /* Release */ = {
			isa = XCBuildConfiguration;
			baseConfigurationReference = 0063EC530FFEEFC7D96D5A3F /* Pods-LSDialogViewControllerWithXibTests.release.xcconfig */;
			buildSettings = {
				ALWAYS_EMBED_SWIFT_STANDARD_LIBRARIES = YES;
				BUNDLE_LOADER = "$(TEST_HOST)";
				CODE_SIGN_STYLE = Automatic;
				INFOPLIST_FILE = LSDialogViewControllerWithXibTests/Info.plist;
				LD_RUNPATH_SEARCH_PATHS = (
					"$(inherited)",
					"@executable_path/Frameworks",
					"@loader_path/Frameworks",
				);
				PRODUCT_BUNDLE_IDENTIFIER = "LibraStudio--Inc..LSDialogViewControllerWithXibTests";
				PRODUCT_NAME = "$(TARGET_NAME)";
				SWIFT_VERSION = 4.0;
				TARGETED_DEVICE_FAMILY = "1,2";
				TEST_HOST = "$(BUILT_PRODUCTS_DIR)/LSDialogViewControllerWithXib.app/LSDialogViewControllerWithXib";
			};
			name = Release;
		};
		FC5C304420B120E9000296FB /* Debug */ = {
			isa = XCBuildConfiguration;
			baseConfigurationReference = 5331B7C45499944588F68E27 /* Pods-LSDialogViewControllerWithXibUITests.debug.xcconfig */;
			buildSettings = {
				ALWAYS_EMBED_SWIFT_STANDARD_LIBRARIES = YES;
				CODE_SIGN_STYLE = Automatic;
				INFOPLIST_FILE = LSDialogViewControllerWithXibUITests/Info.plist;
				LD_RUNPATH_SEARCH_PATHS = (
					"$(inherited)",
					"@executable_path/Frameworks",
					"@loader_path/Frameworks",
				);
				PRODUCT_BUNDLE_IDENTIFIER = "LibraStudio--Inc..LSDialogViewControllerWithXibUITests";
				PRODUCT_NAME = "$(TARGET_NAME)";
				SWIFT_VERSION = 4.0;
				TARGETED_DEVICE_FAMILY = "1,2";
				TEST_TARGET_NAME = LSDialogViewControllerWithXib;
			};
			name = Debug;
		};
		FC5C304520B120E9000296FB /* Release */ = {
			isa = XCBuildConfiguration;
			baseConfigurationReference = F324F0C3CA11F429E20E8631 /* Pods-LSDialogViewControllerWithXibUITests.release.xcconfig */;
			buildSettings = {
				ALWAYS_EMBED_SWIFT_STANDARD_LIBRARIES = YES;
				CODE_SIGN_STYLE = Automatic;
				INFOPLIST_FILE = LSDialogViewControllerWithXibUITests/Info.plist;
				LD_RUNPATH_SEARCH_PATHS = (
					"$(inherited)",
					"@executable_path/Frameworks",
					"@loader_path/Frameworks",
				);
				PRODUCT_BUNDLE_IDENTIFIER = "LibraStudio--Inc..LSDialogViewControllerWithXibUITests";
				PRODUCT_NAME = "$(TARGET_NAME)";
				SWIFT_VERSION = 4.0;
				TARGETED_DEVICE_FAMILY = "1,2";
				TEST_TARGET_NAME = LSDialogViewControllerWithXib;
			};
			name = Release;
		};
/* End XCBuildConfiguration section */

/* Begin XCConfigurationList section */
		FC5C301020B120E8000296FB /* Build configuration list for PBXProject "LSDialogViewControllerWithXib" */ = {
			isa = XCConfigurationList;
			buildConfigurations = (
				FC5C303B20B120E9000296FB /* Debug */,
				FC5C303C20B120E9000296FB /* Release */,
			);
			defaultConfigurationIsVisible = 0;
			defaultConfigurationName = Release;
		};
		FC5C303D20B120E9000296FB /* Build configuration list for PBXNativeTarget "LSDialogViewControllerWithXib" */ = {
			isa = XCConfigurationList;
			buildConfigurations = (
				FC5C303E20B120E9000296FB /* Debug */,
				FC5C303F20B120E9000296FB /* Release */,
			);
			defaultConfigurationIsVisible = 0;
			defaultConfigurationName = Release;
		};
		FC5C304020B120E9000296FB /* Build configuration list for PBXNativeTarget "LSDialogViewControllerWithXibTests" */ = {
			isa = XCConfigurationList;
			buildConfigurations = (
				FC5C304120B120E9000296FB /* Debug */,
				FC5C304220B120E9000296FB /* Release */,
			);
			defaultConfigurationIsVisible = 0;
			defaultConfigurationName = Release;
		};
		FC5C304320B120E9000296FB /* Build configuration list for PBXNativeTarget "LSDialogViewControllerWithXibUITests" */ = {
			isa = XCConfigurationList;
			buildConfigurations = (
				FC5C304420B120E9000296FB /* Debug */,
				FC5C304520B120E9000296FB /* Release */,
			);
			defaultConfigurationIsVisible = 0;
			defaultConfigurationName = Release;
		};
/* End XCConfigurationList section */
	};
	rootObject = FC5C300D20B120E8000296FB /* Project object */;
}
